// !$*UTF8*$!
{
	archiveVersion = 1;
	classes = {
	};
	objectVersion = 46;
	objects = {

/* Begin PBXBuildFile section */
		376041B51D235B0D0086DA1D /* TabBarController.swift in Sources */ = {isa = PBXBuildFile; fileRef = 376041B41D235B0D0086DA1D /* TabBarController.swift */; };
		37B7030B1D24B1D400E2AB31 /* FirstViewController.swift in Sources */ = {isa = PBXBuildFile; fileRef = 37B7030A1D24B1D400E2AB31 /* FirstViewController.swift */; };
		37B7030D1D24B1E100E2AB31 /* SecondViewController.swift in Sources */ = {isa = PBXBuildFile; fileRef = 37B7030C1D24B1E100E2AB31 /* SecondViewController.swift */; };
		37B7030F1D24B1EB00E2AB31 /* ThirdViewController.swift in Sources */ = {isa = PBXBuildFile; fileRef = 37B7030E1D24B1EB00E2AB31 /* ThirdViewController.swift */; };
		37B703111D24B1FC00E2AB31 /* FourthViewController.swift in Sources */ = {isa = PBXBuildFile; fileRef = 37B703101D24B1FC00E2AB31 /* FourthViewController.swift */; };
		37B703131D24CCFB00E2AB31 /* tool.swift in Sources */ = {isa = PBXBuildFile; fileRef = 37B703121D24CCFB00E2AB31 /* tool.swift */; };
		37FC33581D2CAAF100B913EA /* hobby-selected.png in Resources */ = {isa = PBXBuildFile; fileRef = 37FC33541D2CAAF100B913EA /* hobby-selected.png */; };
		37FC33591D2CAAF100B913EA /* hobby-unselect.png in Resources */ = {isa = PBXBuildFile; fileRef = 37FC33551D2CAAF100B913EA /* hobby-unselect.png */; };
		37FC335B1D2CABCF00B913EA /* my-unselected.png in Resources */ = {isa = PBXBuildFile; fileRef = 37FC335A1D2CABCF00B913EA /* my-unselected.png */; };
		37FC335D1D2CAC0D00B913EA /* my-selected.png in Resources */ = {isa = PBXBuildFile; fileRef = 37FC335C1D2CAC0D00B913EA /* my-selected.png */; };
		E2724DD31D1CDED300D70F93 /* AppDelegate.swift in Sources */ = {isa = PBXBuildFile; fileRef = E2724DD21D1CDED300D70F93 /* AppDelegate.swift */; };
		E2724DD81D1CDED300D70F93 /* Main.storyboard in Resources */ = {isa = PBXBuildFile; fileRef = E2724DD61D1CDED300D70F93 /* Main.storyboard */; };
		E2724DDA1D1CDED300D70F93 /* Assets.xcassets in Resources */ = {isa = PBXBuildFile; fileRef = E2724DD91D1CDED300D70F93 /* Assets.xcassets */; };
		E2724DDD1D1CDED300D70F93 /* LaunchScreen.storyboard in Resources */ = {isa = PBXBuildFile; fileRef = E2724DDB1D1CDED300D70F93 /* LaunchScreen.storyboard */; };
/* End PBXBuildFile section */

/* Begin PBXFileReference section */
		376041B41D235B0D0086DA1D /* TabBarController.swift */ = {isa = PBXFileReference; fileEncoding = 4; lastKnownFileType = sourcecode.swift; path = TabBarController.swift; sourceTree = "<group>"; };
		37B7030A1D24B1D400E2AB31 /* FirstViewController.swift */ = {isa = PBXFileReference; fileEncoding = 4; lastKnownFileType = sourcecode.swift; path = FirstViewController.swift; sourceTree = "<group>"; };
		37B7030C1D24B1E100E2AB31 /* SecondViewController.swift */ = {isa = PBXFileReference; fileEncoding = 4; lastKnownFileType = sourcecode.swift; path = SecondViewController.swift; sourceTree = "<group>"; };
		37B7030E1D24B1EB00E2AB31 /* ThirdViewController.swift */ = {isa = PBXFileReference; fileEncoding = 4; lastKnownFileType = sourcecode.swift; path = ThirdViewController.swift; sourceTree = "<group>"; };
		37B703101D24B1FC00E2AB31 /* FourthViewController.swift */ = {isa = PBXFileReference; fileEncoding = 4; lastKnownFileType = sourcecode.swift; path = FourthViewController.swift; sourceTree = "<group>"; };
		37B703121D24CCFB00E2AB31 /* tool.swift */ = {isa = PBXFileReference; fileEncoding = 4; lastKnownFileType = sourcecode.swift; path = tool.swift; sourceTree = "<group>"; };
		37FC33541D2CAAF100B913EA /* hobby-selected.png */ = {isa = PBXFileReference; lastKnownFileType = image.png; path = "hobby-selected.png"; sourceTree = "<group>"; };
		37FC33551D2CAAF100B913EA /* hobby-unselect.png */ = {isa = PBXFileReference; lastKnownFileType = image.png; path = "hobby-unselect.png"; sourceTree = "<group>"; };
		37FC335A1D2CABCF00B913EA /* my-unselected.png */ = {isa = PBXFileReference; lastKnownFileType = image.png; path = "my-unselected.png"; sourceTree = "<group>"; };
		37FC335C1D2CAC0D00B913EA /* my-selected.png */ = {isa = PBXFileReference; lastKnownFileType = image.png; path = "my-selected.png"; sourceTree = "<group>"; };
		E2724DCF1D1CDED300D70F93 /* Demo.app */ = {isa = PBXFileReference; explicitFileType = wrapper.application; includeInIndex = 0; path = Demo.app; sourceTree = BUILT_PRODUCTS_DIR; };
		E2724DD21D1CDED300D70F93 /* AppDelegate.swift */ = {isa = PBXFileReference; lastKnownFileType = sourcecode.swift; path = AppDelegate.swift; sourceTree = "<group>"; };
		E2724DD71D1CDED300D70F93 /* Base */ = {isa = PBXFileReference; lastKnownFileType = file.storyboard; name = Base; path = Base.lproj/Main.storyboard; sourceTree = "<group>"; };
		E2724DD91D1CDED300D70F93 /* Assets.xcassets */ = {isa = PBXFileReference; lastKnownFileType = folder.assetcatalog; path = Assets.xcassets; sourceTree = "<group>"; };
		E2724DDC1D1CDED300D70F93 /* Base */ = {isa = PBXFileReference; lastKnownFileType = file.storyboard; name = Base; path = Base.lproj/LaunchScreen.storyboard; sourceTree = "<group>"; };
		E2724DDE1D1CDED300D70F93 /* Info.plist */ = {isa = PBXFileReference; lastKnownFileType = text.plist.xml; path = Info.plist; sourceTree = "<group>"; };
/* End PBXFileReference section */

/* Begin PBXFrameworksBuildPhase section */
		E2724DCC1D1CDED300D70F93 /* Frameworks */ = {
			isa = PBXFrameworksBuildPhase;
			buildActionMask = 2147483647;
			files = (
			);
			runOnlyForDeploymentPostprocessing = 0;
		};
/* End PBXFrameworksBuildPhase section */

/* Begin PBXGroup section */
		373E4AEB1D2B5DC6001AE1DF /* 图标 */ = {
			isa = PBXGroup;
			children = (
				37FC33511D2CAAD700B913EA /* tabBarItemImage */,
			);
			name = "图标";
			sourceTree = "<group>";
		};
		37FC33511D2CAAD700B913EA /* tabBarItemImage */ = {
			isa = PBXGroup;
			children = (
				37FC335A1D2CABCF00B913EA /* my-unselected.png */,
				37FC335C1D2CAC0D00B913EA /* my-selected.png */,
				37FC33541D2CAAF100B913EA /* hobby-selected.png */,
				37FC33551D2CAAF100B913EA /* hobby-unselect.png */,
			);
			name = tabBarItemImage;
			sourceTree = "<group>";
		};
		E2724DC61D1CDED300D70F93 = {
			isa = PBXGroup;
			children = (
				E2724DD11D1CDED300D70F93 /* Demo */,
				E2724DD01D1CDED300D70F93 /* Products */,
			);
			sourceTree = "<group>";
		};
		E2724DD01D1CDED300D70F93 /* Products */ = {
			isa = PBXGroup;
			children = (
				E2724DCF1D1CDED300D70F93 /* Demo.app */,
			);
			name = Products;
			sourceTree = "<group>";
		};
		E2724DD11D1CDED300D70F93 /* Demo */ = {
			isa = PBXGroup;
			children = (
				373E4AEB1D2B5DC6001AE1DF /* 图标 */,
				E2724DD21D1CDED300D70F93 /* AppDelegate.swift */,
				37B703121D24CCFB00E2AB31 /* tool.swift */,
				376041B41D235B0D0086DA1D /* TabBarController.swift */,
				37B7030A1D24B1D400E2AB31 /* FirstViewController.swift */,
				37B7030C1D24B1E100E2AB31 /* SecondViewController.swift */,
				37B7030E1D24B1EB00E2AB31 /* ThirdViewController.swift */,
				37B703101D24B1FC00E2AB31 /* FourthViewController.swift */,
				E2724DD61D1CDED300D70F93 /* Main.storyboard */,
				E2724DD91D1CDED300D70F93 /* Assets.xcassets */,
				E2724DDB1D1CDED300D70F93 /* LaunchScreen.storyboard */,
				E2724DDE1D1CDED300D70F93 /* Info.plist */,
			);
			path = Demo;
			sourceTree = "<group>";
		};
/* End PBXGroup section */

/* Begin PBXNativeTarget section */
		E2724DCE1D1CDED300D70F93 /* Demo */ = {
			isa = PBXNativeTarget;
			buildConfigurationList = E2724DE11D1CDED300D70F93 /* Build configuration list for PBXNativeTarget "Demo" */;
			buildPhases = (
				E2724DCB1D1CDED300D70F93 /* Sources */,
				E2724DCC1D1CDED300D70F93 /* Frameworks */,
				E2724DCD1D1CDED300D70F93 /* Resources */,
			);
			buildRules = (
			);
			dependencies = (
			);
			name = Demo;
			productName = Demo;
			productReference = E2724DCF1D1CDED300D70F93 /* Demo.app */;
			productType = "com.apple.product-type.application";
		};
/* End PBXNativeTarget section */

/* Begin PBXProject section */
		E2724DC71D1CDED300D70F93 /* Project object */ = {
			isa = PBXProject;
			attributes = {
				LastSwiftUpdateCheck = 0800;
				LastUpgradeCheck = 0800;
				ORGANIZATIONNAME = test;
				TargetAttributes = {
					E2724DCE1D1CDED300D70F93 = {
						CreatedOnToolsVersion = 8.0;
						ProvisioningStyle = Automatic;
					};
				};
			};
			buildConfigurationList = E2724DCA1D1CDED300D70F93 /* Build configuration list for PBXProject "Demo" */;
			compatibilityVersion = "Xcode 3.2";
			developmentRegion = English;
			hasScannedForEncodings = 0;
			knownRegions = (
				en,
				Base,
			);
			mainGroup = E2724DC61D1CDED300D70F93;
			productRefGroup = E2724DD01D1CDED300D70F93 /* Products */;
			projectDirPath = "";
			projectRoot = "";
			targets = (
				E2724DCE1D1CDED300D70F93 /* Demo */,
			);
		};
/* End PBXProject section */

/* Begin PBXResourcesBuildPhase section */
		E2724DCD1D1CDED300D70F93 /* Resources */ = {
			isa = PBXResourcesBuildPhase;
			buildActionMask = 2147483647;
			files = (
				E2724DDD1D1CDED300D70F93 /* LaunchScreen.storyboard in Resources */,
				37FC33591D2CAAF100B913EA /* hobby-unselect.png in Resources */,
				37FC33581D2CAAF100B913EA /* hobby-selected.png in Resources */,
				37FC335D1D2CAC0D00B913EA /* my-selected.png in Resources */,
				E2724DDA1D1CDED300D70F93 /* Assets.xcassets in Resources */,
				E2724DD81D1CDED300D70F93 /* Main.storyboard in Resources */,
				37FC335B1D2CABCF00B913EA /* my-unselected.png in Resources */,
			);
			runOnlyForDeploymentPostprocessing = 0;
		};
/* End PBXResourcesBuildPhase section */

/* Begin PBXSourcesBuildPhase section */
		E2724DCB1D1CDED300D70F93 /* Sources */ = {
			isa = PBXSourcesBuildPhase;
			buildActionMask = 2147483647;
			files = (
				37B703111D24B1FC00E2AB31 /* FourthViewController.swift in Sources */,
				37B703131D24CCFB00E2AB31 /* tool.swift in Sources */,
				37B7030D1D24B1E100E2AB31 /* SecondViewController.swift in Sources */,
				37B7030B1D24B1D400E2AB31 /* FirstViewController.swift in Sources */,
				37B7030F1D24B1EB00E2AB31 /* ThirdViewController.swift in Sources */,
				E2724DD31D1CDED300D70F93 /* AppDelegate.swift in Sources */,
				376041B51D235B0D0086DA1D /* TabBarController.swift in Sources */,
			);
			runOnlyForDeploymentPostprocessing = 0;
		};
/* End PBXSourcesBuildPhase section */

/* Begin PBXVariantGroup section */
		E2724DD61D1CDED300D70F93 /* Main.storyboard */ = {
			isa = PBXVariantGroup;
			children = (
				E2724DD71D1CDED300D70F93 /* Base */,
			);
			name = Main.storyboard;
			sourceTree = "<group>";
		};
		E2724DDB1D1CDED300D70F93 /* LaunchScreen.storyboard */ = {
			isa = PBXVariantGroup;
			children = (
				E2724DDC1D1CDED300D70F93 /* Base */,
			);
			name = LaunchScreen.storyboard;
			sourceTree = "<group>";
		};
/* End PBXVariantGroup section */

/* Begin XCBuildConfiguration section */
		E2724DDF1D1CDED300D70F93 /* Debug */ = {
			isa = XCBuildConfiguration;
			buildSettings = {
				ALWAYS_SEARCH_USER_PATHS = NO;
				CLANG_ANALYZER_NONNULL = YES;
				CLANG_CXX_LANGUAGE_STANDARD = "gnu++0x";
				CLANG_CXX_LIBRARY = "libc++";
				CLANG_ENABLE_MODULES = YES;
				CLANG_ENABLE_OBJC_ARC = YES;
				CLANG_WARN_BOOL_CONVERSION = YES;
				CLANG_WARN_CONSTANT_CONVERSION = YES;
				CLANG_WARN_DIRECT_OBJC_ISA_USAGE = YES_ERROR;
				CLANG_WARN_DOCUMENTATION_COMMENTS = YES;
				CLANG_WARN_EMPTY_BODY = YES;
				CLANG_WARN_ENUM_CONVERSION = YES;
				CLANG_WARN_INT_CONVERSION = YES;
				CLANG_WARN_OBJC_ROOT_CLASS = YES_ERROR;
				CLANG_WARN_UNREACHABLE_CODE = YES;
				CLANG_WARN__DUPLICATE_METHOD_MATCH = YES;
				"CODE_SIGN_IDENTITY[sdk=iphoneos*]" = "iPhone Developer";
				COPY_PHASE_STRIP = NO;
				DEBUG_INFORMATION_FORMAT = dwarf;
				ENABLE_STRICT_OBJC_MSGSEND = YES;
				ENABLE_TESTABILITY = YES;
				GCC_C_LANGUAGE_STANDARD = gnu99;
				GCC_DYNAMIC_NO_PIC = NO;
				GCC_NO_COMMON_BLOCKS = YES;
				GCC_OPTIMIZATION_LEVEL = 0;
				GCC_PREPROCESSOR_DEFINITIONS = (
					"DEBUG=1",
					"$(inherited)",
				);
				GCC_WARN_64_TO_32_BIT_CONVERSION = YES;
				GCC_WARN_ABOUT_RETURN_TYPE = YES_ERROR;
				GCC_WARN_UNDECLARED_SELECTOR = YES;
				GCC_WARN_UNINITIALIZED_AUTOS = YES_AGGRESSIVE;
				GCC_WARN_UNUSED_FUNCTION = YES;
				GCC_WARN_UNUSED_VARIABLE = YES;
				IPHONEOS_DEPLOYMENT_TARGET = 10.0;
				MTL_ENABLE_DEBUG_INFO = YES;
				ONLY_ACTIVE_ARCH = YES;
				SDKROOT = iphoneos;
				SWIFT_ACTIVE_COMPILATION_CONDITIONS = DEBUG;
				SWIFT_OPTIMIZATION_LEVEL = "-Onone";
			};
			name = Debug;
		};
		E2724DE01D1CDED300D70F93 /* Release */ = {
			isa = XCBuildConfiguration;
			buildSettings = {
				ALWAYS_SEARCH_USER_PATHS = NO;
				CLANG_ANALYZER_NONNULL = YES;
				CLANG_CXX_LANGUAGE_STANDARD = "gnu++0x";
				CLANG_CXX_LIBRARY = "libc++";
				CLANG_ENABLE_MODULES = YES;
				CLANG_ENABLE_OBJC_ARC = YES;
				CLANG_WARN_BOOL_CONVERSION = YES;
				CLANG_WARN_CONSTANT_CONVERSION = YES;
				CLANG_WARN_DIRECT_OBJC_ISA_USAGE = YES_ERROR;
				CLANG_WARN_DOCUMENTATION_COMMENTS = YES;
				CLANG_WARN_EMPTY_BODY = YES;
				CLANG_WARN_ENUM_CONVERSION = YES;
				CLANG_WARN_INT_CONVERSION = YES;
				CLANG_WARN_OBJC_ROOT_CLASS = YES_ERROR;
				CLANG_WARN_UNREACHABLE_CODE = YES;
				CLANG_WARN__DUPLICATE_METHOD_MATCH = YES;
				"CODE_SIGN_IDENTITY[sdk=iphoneos*]" = "iPhone Developer";
				COPY_PHASE_STRIP = NO;
				DEBUG_INFORMATION_FORMAT = "dwarf-with-dsym";
				ENABLE_NS_ASSERTIONS = NO;
				ENABLE_STRICT_OBJC_MSGSEND = YES;
				GCC_C_LANGUAGE_STANDARD = gnu99;
				GCC_NO_COMMON_BLOCKS = YES;
				GCC_WARN_64_TO_32_BIT_CONVERSION = YES;
				GCC_WARN_ABOUT_RETURN_TYPE = YES_ERROR;
				GCC_WARN_UNDECLARED_SELECTOR = YES;
				GCC_WARN_UNINITIALIZED_AUTOS = YES_AGGRESSIVE;
				GCC_WARN_UNUSED_FUNCTION = YES;
				GCC_WARN_UNUSED_VARIABLE = YES;
				IPHONEOS_DEPLOYMENT_TARGET = 10.0;
				MTL_ENABLE_DEBUG_INFO = NO;
				SDKROOT = iphoneos;
				SWIFT_OPTIMIZATION_LEVEL = "-Owholemodule";
				VALIDATE_PRODUCT = YES;
			};
			name = Release;
		};
		E2724DE21D1CDED300D70F93 /* Debug */ = {
			isa = XCBuildConfiguration;
			buildSettings = {
				ASSETCATALOG_COMPILER_APPICON_NAME = AppIcon;
				INFOPLIST_FILE = Demo/Info.plist;
				LD_RUNPATH_SEARCH_PATHS = "$(inherited) @executable_path/Frameworks";
				PRODUCT_BUNDLE_IDENTIFIER = test.Demo;
				PRODUCT_NAME = "$(TARGET_NAME)";
				SWIFT_VERSION = 3.0;
			};
			name = Debug;
		};
		E2724DE31D1CDED300D70F93 /* Release */ = {
			isa = XCBuildConfiguration;
			buildSettings = {
				ASSETCATALOG_COMPILER_APPICON_NAME = AppIcon;
				INFOPLIST_FILE = Demo/Info.plist;
				LD_RUNPATH_SEARCH_PATHS = "$(inherited) @executable_path/Frameworks";
				PRODUCT_BUNDLE_IDENTIFIER = test.Demo;
				PRODUCT_NAME = "$(TARGET_NAME)";
				SWIFT_VERSION = 3.0;
			};
			name = Release;
		};
/* End XCBuildConfiguration section */

/* Begin XCConfigurationList section */
		E2724DCA1D1CDED300D70F93 /* Build configuration list for PBXProject "Demo" */ = {
			isa = XCConfigurationList;
			buildConfigurations = (
				E2724DDF1D1CDED300D70F93 /* Debug */,
				E2724DE01D1CDED300D70F93 /* Release */,
			);
			defaultConfigurationIsVisible = 0;
			defaultConfigurationName = Release;
		};
		E2724DE11D1CDED300D70F93 /* Build configuration list for PBXNativeTarget "Demo" */ = {
			isa = XCConfigurationList;
			buildConfigurations = (
				E2724DE21D1CDED300D70F93 /* Debug */,
				E2724DE31D1CDED300D70F93 /* Release */,
			);
			defaultConfigurationIsVisible = 0;
			defaultConfigurationName = Release;
		};
/* End XCConfigurationList section */
	};
	rootObject = E2724DC71D1CDED300D70F93 /* Project object */;
}
